
Microsoft Visual Studio Solution File, Format Version 12.00
# Visual Studio Version 17
VisualStudioVersion = 17.12.35707.178 d17.12
MinimumVisualStudioVersion = 10.0.40219.1
Project("{FAE04EC0-301F-11D3-BF4B-00C04F79EFBC}") = "Task4-2", "Task4-2\Task4-2.csproj", "{751E317C-E70B-4F6E-A60C-34CF4FCD0722}"
EndProject
Global
	GlobalSection(SolutionConfigurationPlatforms) = preSolution
		Debug|Any CPU = Debug|Any CPU
		Release|Any CPU = Release|Any CPU
	EndGlobalSection
	GlobalSection(ProjectConfigurationPlatforms) = postSolution
		{751E317C-E70B-4F6E-A60C-34CF4FCD0722}.Debug|Any CPU.ActiveCfg = Debug|Any CPU
		{751E317C-E70B-4F6E-A60C-34CF4FCD0722}.Debug|Any CPU.Build.0 = Debug|Any CPU
		{751E317C-E70B-4F6E-A60C-34CF4FCD0722}.Release|Any CPU.ActiveCfg = Release|Any CPU
		{751E317C-E70B-4F6E-A60C-34CF4FCD0722}.Release|Any CPU.Build.0 = Release|Any CPU
	EndGlobalSection
	GlobalSection(SolutionProperties) = preSolution
		HideSolutionNode = FALSE
	EndGlobalSection
EndGlobal
